
Microsoft Visual Studio Solution File, Format Version 12.00
# Visual Studio 15
VisualStudioVersion = 15.0.28307.705
MinimumVisualStudioVersion = 10.0.40219.1
Project("{FAE04EC0-301F-11D3-BF4B-00C04F79EFBC}") = "Hackathon.Foundation.Hackstreet", "src\Foundation\Hackstreet\code\Hackathon.Foundation.Hackstreet.csproj", "{2F3B82BE-A3FB-4942-960B-5BE646EFB623}"
EndProject
Project("{2150E333-8FDC-42A3-9474-1A3956D46DE8}") = "Foundation", "Foundation", "{E546E29B-E35D-44FF-8F2A-6D6E25037AB0}"
EndProject
Project("{2150E333-8FDC-42A3-9474-1A3956D46DE8}") = "Hackstreet", "Hackstreet", "{175BAAB8-C68C-4B17-A6AE-5A94FA09BF2F}"
EndProject
Project("{FAE04EC0-301F-11D3-BF4B-00C04F79EFBC}") = "Hackathon.Foundation.Teams", "src\Foundation\Teams\code\Hackathon.Foundation.Teams.csproj", "{40BEEA71-B393-4778-B3CB-2FC791B65CEB}"
EndProject
Project("{2150E333-8FDC-42A3-9474-1A3956D46DE8}") = "Serialization", "Serialization", "{60AEEC0C-5BDE-4CD5-8544-EC1B675ABF83}"
EndProject
Project("{2150E333-8FDC-42A3-9474-1A3956D46DE8}") = "Configuration", "Configuration", "{506387F5-F058-4F71-B3F6-6063A768A659}"
EndProject
Project("{2150E333-8FDC-42A3-9474-1A3956D46DE8}") = "Unicorn", "Unicorn", "{2CD7BDE0-6C2D-444E-9B9C-0C1A72C5AD97}"
	ProjectSection(SolutionItems) = preProject
		src\Foundation\Serialization\code\App_Config\Include\Foundation\Foundation.Serialization.Source.config = src\Foundation\Serialization\code\App_Config\Include\Foundation\Foundation.Serialization.Source.config
	EndProjectSection
EndProject
Project("{2150E333-8FDC-42A3-9474-1A3956D46DE8}") = "Publishing", "Publishing", "{5EC3A530-0B67-4BE8-9BED-7550B49062F9}"
	ProjectSection(SolutionItems) = preProject
		publishsettings.targets = publishsettings.targets
	EndProjectSection
EndProject
Project("{FAE04EC0-301F-11D3-BF4B-00C04F79EFBC}") = "Sitecore.Foundation.Serialization", "src\Foundation\Serialization\code\Sitecore.Foundation.Serialization.csproj", "{007CD5DC-0030-460D-91A3-3DDEA9AB472F}"
EndProject
Project("{2150E333-8FDC-42A3-9474-1A3956D46DE8}") = "Feature", "Feature", "{4CE8CD2D-2C9A-4864-A140-49E825A74D50}"
EndProject
Project("{2150E333-8FDC-42A3-9474-1A3956D46DE8}") = "Project", "Project", "{5F13444B-CF61-4FD2-AFF9-BDA75DCBECAA}"
EndProject
Project("{2150E333-8FDC-42A3-9474-1A3956D46DE8}") = "Common", "Common", "{315B2582-5732-4FB9-B5A2-32196359B515}"
EndProject
Project("{FAE04EC0-301F-11D3-BF4B-00C04F79EFBC}") = "Website.Project.Common", "src\Project\Common\website\Website.Project.Common.csproj", "{343D974E-FE20-4679-A797-BDD1465993FA}"
EndProject
Project("{2150E333-8FDC-42A3-9474-1A3956D46DE8}") = "NuGet", "NuGet", "{BDBFFA80-17FB-4878-AC23-782BCE576CB2}"
	ProjectSection(SolutionItems) = preProject
		.nuget\NuGet.Config = .nuget\NuGet.Config
	EndProjectSection
EndProject
Project("{2150E333-8FDC-42A3-9474-1A3956D46DE8}") = "Account", "Account", "{83FA4F52-BDF0-4DC6-815B-71198E524F63}"
EndProject
Project("{FAE04EC0-301F-11D3-BF4B-00C04F79EFBC}") = "Hackathon.Foundation.Account", "src\Foundation\Account\code\Hackathon.Foundation.Account.csproj", "{BD4C33C3-BA06-4EBD-B602-A672DBF016B7}"
EndProject
Project("{2150E333-8FDC-42A3-9474-1A3956D46DE8}") = "PageContent", "PageContent", "{6C8CD556-CCE0-4063-8AC6-3F71FD7DBF9B}"
EndProject
Project("{FAE04EC0-301F-11D3-BF4B-00C04F79EFBC}") = "Hackathon.Feature.PageContent", "src\Feature\PageContent\code\Hackathon.Feature.PageContent\Hackathon.Feature.PageContent.csproj", "{8D9DD402-7AA4-4B39-9A9E-B096E31393CB}"
EndProject
Project("{FAE04EC0-301F-11D3-BF4B-00C04F79EFBC}") = "Hackathon.Feature.Forms", "src\Feature\Forms\code\Hackathon.Feature.Forms\Hackathon.Feature.Forms.csproj", "{C50A604C-CCD4-4AF4-A1FC-3A183BB3BC8E}"
EndProject
Project("{2150E333-8FDC-42A3-9474-1A3956D46DE8}") = "Forms", "Forms", "{92450AF2-C15A-4BE8-8B26-978E3C8565A5}"
EndProject
Project("{2150E333-8FDC-42A3-9474-1A3956D46DE8}") = "Teams", "Teams", "{D9D4EBB3-EFDC-4B40-83FC-3B149605BB8C}"
EndProject
Global
	GlobalSection(SolutionConfigurationPlatforms) = preSolution
		Debug|Any CPU = Debug|Any CPU
		Release|Any CPU = Release|Any CPU
		SAM_Prod-CD2|Any CPU = SAM_Prod-CD2|Any CPU
	EndGlobalSection
	GlobalSection(ProjectConfigurationPlatforms) = postSolution
		{2F3B82BE-A3FB-4942-960B-5BE646EFB623}.Debug|Any CPU.ActiveCfg = Debug|Any CPU
		{2F3B82BE-A3FB-4942-960B-5BE646EFB623}.Debug|Any CPU.Build.0 = Debug|Any CPU
		{2F3B82BE-A3FB-4942-960B-5BE646EFB623}.Release|Any CPU.ActiveCfg = Release|Any CPU
		{2F3B82BE-A3FB-4942-960B-5BE646EFB623}.Release|Any CPU.Build.0 = Release|Any CPU
		{2F3B82BE-A3FB-4942-960B-5BE646EFB623}.SAM_Prod-CD2|Any CPU.ActiveCfg = SAM_Prod-CD2|Any CPU
		{2F3B82BE-A3FB-4942-960B-5BE646EFB623}.SAM_Prod-CD2|Any CPU.Build.0 = SAM_Prod-CD2|Any CPU
		{40BEEA71-B393-4778-B3CB-2FC791B65CEB}.Debug|Any CPU.ActiveCfg = Debug|Any CPU
		{40BEEA71-B393-4778-B3CB-2FC791B65CEB}.Debug|Any CPU.Build.0 = Debug|Any CPU
		{40BEEA71-B393-4778-B3CB-2FC791B65CEB}.Release|Any CPU.ActiveCfg = Release|Any CPU
		{40BEEA71-B393-4778-B3CB-2FC791B65CEB}.Release|Any CPU.Build.0 = Release|Any CPU
		{40BEEA71-B393-4778-B3CB-2FC791B65CEB}.SAM_Prod-CD2|Any CPU.ActiveCfg = SAM_Prod-CD2|Any CPU
		{40BEEA71-B393-4778-B3CB-2FC791B65CEB}.SAM_Prod-CD2|Any CPU.Build.0 = SAM_Prod-CD2|Any CPU
		{007CD5DC-0030-460D-91A3-3DDEA9AB472F}.Debug|Any CPU.ActiveCfg = Debug|Any CPU
		{007CD5DC-0030-460D-91A3-3DDEA9AB472F}.Debug|Any CPU.Build.0 = Debug|Any CPU
		{007CD5DC-0030-460D-91A3-3DDEA9AB472F}.Release|Any CPU.ActiveCfg = Release|Any CPU
		{007CD5DC-0030-460D-91A3-3DDEA9AB472F}.Release|Any CPU.Build.0 = Release|Any CPU
		{007CD5DC-0030-460D-91A3-3DDEA9AB472F}.SAM_Prod-CD2|Any CPU.ActiveCfg = Release|Any CPU
		{007CD5DC-0030-460D-91A3-3DDEA9AB472F}.SAM_Prod-CD2|Any CPU.Build.0 = Release|Any CPU
		{343D974E-FE20-4679-A797-BDD1465993FA}.Debug|Any CPU.ActiveCfg = Debug|Any CPU
		{343D974E-FE20-4679-A797-BDD1465993FA}.Debug|Any CPU.Build.0 = Debug|Any CPU
		{343D974E-FE20-4679-A797-BDD1465993FA}.Release|Any CPU.ActiveCfg = Release|Any CPU
		{343D974E-FE20-4679-A797-BDD1465993FA}.Release|Any CPU.Build.0 = Release|Any CPU
		{343D974E-FE20-4679-A797-BDD1465993FA}.SAM_Prod-CD2|Any CPU.ActiveCfg = Release|Any CPU
		{343D974E-FE20-4679-A797-BDD1465993FA}.SAM_Prod-CD2|Any CPU.Build.0 = Release|Any CPU
		{BD4C33C3-BA06-4EBD-B602-A672DBF016B7}.Debug|Any CPU.ActiveCfg = Debug|Any CPU
		{BD4C33C3-BA06-4EBD-B602-A672DBF016B7}.Debug|Any CPU.Build.0 = Debug|Any CPU
		{BD4C33C3-BA06-4EBD-B602-A672DBF016B7}.Release|Any CPU.ActiveCfg = Release|Any CPU
		{BD4C33C3-BA06-4EBD-B602-A672DBF016B7}.Release|Any CPU.Build.0 = Release|Any CPU
		{BD4C33C3-BA06-4EBD-B602-A672DBF016B7}.SAM_Prod-CD2|Any CPU.ActiveCfg = SAM_Prod-CD2|Any CPU
		{BD4C33C3-BA06-4EBD-B602-A672DBF016B7}.SAM_Prod-CD2|Any CPU.Build.0 = SAM_Prod-CD2|Any CPU
		{8D9DD402-7AA4-4B39-9A9E-B096E31393CB}.Debug|Any CPU.ActiveCfg = Debug|Any CPU
		{8D9DD402-7AA4-4B39-9A9E-B096E31393CB}.Debug|Any CPU.Build.0 = Debug|Any CPU
		{8D9DD402-7AA4-4B39-9A9E-B096E31393CB}.Release|Any CPU.ActiveCfg = Release|Any CPU
		{8D9DD402-7AA4-4B39-9A9E-B096E31393CB}.Release|Any CPU.Build.0 = Release|Any CPU
		{8D9DD402-7AA4-4B39-9A9E-B096E31393CB}.SAM_Prod-CD2|Any CPU.ActiveCfg = Release|Any CPU
		{8D9DD402-7AA4-4B39-9A9E-B096E31393CB}.SAM_Prod-CD2|Any CPU.Build.0 = Release|Any CPU
		{C50A604C-CCD4-4AF4-A1FC-3A183BB3BC8E}.Debug|Any CPU.ActiveCfg = Debug|Any CPU
		{C50A604C-CCD4-4AF4-A1FC-3A183BB3BC8E}.Debug|Any CPU.Build.0 = Debug|Any CPU
		{C50A604C-CCD4-4AF4-A1FC-3A183BB3BC8E}.Release|Any CPU.ActiveCfg = Release|Any CPU
		{C50A604C-CCD4-4AF4-A1FC-3A183BB3BC8E}.Release|Any CPU.Build.0 = Release|Any CPU
		{C50A604C-CCD4-4AF4-A1FC-3A183BB3BC8E}.SAM_Prod-CD2|Any CPU.ActiveCfg = Release|Any CPU
		{C50A604C-CCD4-4AF4-A1FC-3A183BB3BC8E}.SAM_Prod-CD2|Any CPU.Build.0 = Release|Any CPU
	EndGlobalSection
	GlobalSection(SolutionProperties) = preSolution
		HideSolutionNode = FALSE
	EndGlobalSection
	GlobalSection(NestedProjects) = preSolution
		{2F3B82BE-A3FB-4942-960B-5BE646EFB623} = {175BAAB8-C68C-4B17-A6AE-5A94FA09BF2F}
		{175BAAB8-C68C-4B17-A6AE-5A94FA09BF2F} = {E546E29B-E35D-44FF-8F2A-6D6E25037AB0}
		{40BEEA71-B393-4778-B3CB-2FC791B65CEB} = {D9D4EBB3-EFDC-4B40-83FC-3B149605BB8C}
		{60AEEC0C-5BDE-4CD5-8544-EC1B675ABF83} = {E546E29B-E35D-44FF-8F2A-6D6E25037AB0}
		{2CD7BDE0-6C2D-444E-9B9C-0C1A72C5AD97} = {506387F5-F058-4F71-B3F6-6063A768A659}
		{5EC3A530-0B67-4BE8-9BED-7550B49062F9} = {506387F5-F058-4F71-B3F6-6063A768A659}
		{007CD5DC-0030-460D-91A3-3DDEA9AB472F} = {60AEEC0C-5BDE-4CD5-8544-EC1B675ABF83}
		{315B2582-5732-4FB9-B5A2-32196359B515} = {5F13444B-CF61-4FD2-AFF9-BDA75DCBECAA}
		{343D974E-FE20-4679-A797-BDD1465993FA} = {315B2582-5732-4FB9-B5A2-32196359B515}
		{BDBFFA80-17FB-4878-AC23-782BCE576CB2} = {506387F5-F058-4F71-B3F6-6063A768A659}
		{83FA4F52-BDF0-4DC6-815B-71198E524F63} = {E546E29B-E35D-44FF-8F2A-6D6E25037AB0}
		{BD4C33C3-BA06-4EBD-B602-A672DBF016B7} = {83FA4F52-BDF0-4DC6-815B-71198E524F63}
		{6C8CD556-CCE0-4063-8AC6-3F71FD7DBF9B} = {4CE8CD2D-2C9A-4864-A140-49E825A74D50}
		{8D9DD402-7AA4-4B39-9A9E-B096E31393CB} = {6C8CD556-CCE0-4063-8AC6-3F71FD7DBF9B}
		{C50A604C-CCD4-4AF4-A1FC-3A183BB3BC8E} = {92450AF2-C15A-4BE8-8B26-978E3C8565A5}
		{92450AF2-C15A-4BE8-8B26-978E3C8565A5} = {4CE8CD2D-2C9A-4864-A140-49E825A74D50}
		{D9D4EBB3-EFDC-4B40-83FC-3B149605BB8C} = {E546E29B-E35D-44FF-8F2A-6D6E25037AB0}
	EndGlobalSection
	GlobalSection(ExtensibilityGlobals) = postSolution
		SolutionGuid = {99147FCF-6DD1-49AD-A660-9B5EBF3FF542}
		EnterpriseLibraryConfigurationToolBinariesPathV6 = packages\EnterpriseLibrary.Common.6.0.1304.0\lib\NET45;packages\EnterpriseLibrary.TransientFaultHandling.6.0.1304.0\lib\portable-net45+win+wp8;packages\EnterpriseLibrary.TransientFaultHandling.Caching.6.0.1304.0\lib\NET45;packages\EnterpriseLibrary.TransientFaultHandling.Data.6.0.1304.1\lib\NET45;packages\EnterpriseLibrary.TransientFaultHandling.ServiceBus.6.0.1304.0\lib\NET45;packages\EnterpriseLibrary.TransientFaultHandling.WindowsAzure.Storage.6.0.1304.0\lib\NET45;packages\EnterpriseLibrary.TransientFaultHandling.Configuration.6.0.1304.0\lib\NET45
	EndGlobalSection
EndGlobal
